
Microsoft Visual Studio Solution File, Format Version 12.00
# Visual Studio Version 17
VisualStudioVersion = 17.10.35013.160
MinimumVisualStudioVersion = 10.0.40219.1
Project("{FAE04EC0-301F-11D3-BF4B-00C04F79EFBC}") = "RetailDesktop", "RetailDesktop\RetailDesktop.csproj", "{0F60A87A-C32C-469E-9A27-8E4230C811D0}"
EndProject
Global
	GlobalSection(SolutionConfigurationPlatforms) = preSolution
		Debug|Any CPU = Debug|Any CPU
		Release|Any CPU = Release|Any CPU
	EndGlobalSection
	GlobalSection(ProjectConfigurationPlatforms) = postSolution
		{0F60A87A-C32C-469E-9A27-8E4230C811D0}.Debug|Any CPU.ActiveCfg = Debug|Any CPU
		{0F60A87A-C32C-469E-9A27-8E4230C811D0}.Debug|Any CPU.Build.0 = Debug|Any CPU
		{0F60A87A-C32C-469E-9A27-8E4230C811D0}.Release|Any CPU.ActiveCfg = Release|Any CPU
		{0F60A87A-C32C-469E-9A27-8E4230C811D0}.Release|Any CPU.Build.0 = Release|Any CPU
	EndGlobalSection
	GlobalSection(SolutionProperties) = preSolution
		HideSolutionNode = FALSE
	EndGlobalSection
	GlobalSection(ExtensibilityGlobals) = postSolution
		SolutionGuid = {76B84D9E-5DDD-47FF-8B93-88A1064BF7AD}
	EndGlobalSection
EndGlobal
